// !$*UTF8*$!
{
	archiveVersion = 1;
	classes = {
	};
	objectVersion = 56;
	objects = {

/* Begin PBXBuildFile section */
		5290DE252B1514C100230184 /* SaveLinksApp.swift in Sources */ = {isa = PBXBuildFile; fileRef = 5290DE242B1514C100230184 /* SaveLinksApp.swift */; };
		5290DE272B1514C100230184 /* HomeView.swift in Sources */ = {isa = PBXBuildFile; fileRef = 5290DE262B1514C100230184 /* HomeView.swift */; };
		5290DE292B1514C400230184 /* Assets.xcassets in Resources */ = {isa = PBXBuildFile; fileRef = 5290DE282B1514C400230184 /* Assets.xcassets */; };
		5290DE2C2B1514C400230184 /* Preview Assets.xcassets in Resources */ = {isa = PBXBuildFile; fileRef = 5290DE2B2B1514C400230184 /* Preview Assets.xcassets */; };
		5290DE372B1515C600230184 /* Link.swift in Sources */ = {isa = PBXBuildFile; fileRef = 5290DE362B1515C600230184 /* Link.swift */; };
		5290DE392B15169A00230184 /* LinksViewModel.swift in Sources */ = {isa = PBXBuildFile; fileRef = 5290DE382B15169A00230184 /* LinksViewModel.swift */; };
		5290DE3B2B15223900230184 /* AddLinkView.swift in Sources */ = {isa = PBXBuildFile; fileRef = 5290DE3A2B15223900230184 /* AddLinkView.swift */; };
		5290DE412B162ED600230184 /* PersistenceController.swift in Sources */ = {isa = PBXBuildFile; fileRef = 5290DE402B162ED600230184 /* PersistenceController.swift */; };
		5290DE442B163BFE00230184 /* LinkCore.xcdatamodeld in Sources */ = {isa = PBXBuildFile; fileRef = 5290DE422B163BFE00230184 /* LinkCore.xcdatamodeld */; };
		5290DE482B16509D00230184 /* CustomTextField.swift in Sources */ = {isa = PBXBuildFile; fileRef = 5290DE472B16509D00230184 /* CustomTextField.swift */; };
		5290DE562B16515E00230184 /* Colfax-Black.otf in Resources */ = {isa = PBXBuildFile; fileRef = 5290DE4A2B16515E00230184 /* Colfax-Black.otf */; };
		5290DE572B16515E00230184 /* Colfax-Bold.otf in Resources */ = {isa = PBXBuildFile; fileRef = 5290DE4B2B16515E00230184 /* Colfax-Bold.otf */; };
		5290DE582B16515E00230184 /* Colfax-Regular.otf in Resources */ = {isa = PBXBuildFile; fileRef = 5290DE4C2B16515E00230184 /* Colfax-Regular.otf */; };
		5290DE592B16515E00230184 /* Colfax-Thin.otf in Resources */ = {isa = PBXBuildFile; fileRef = 5290DE4D2B16515E00230184 /* Colfax-Thin.otf */; };
		5290DE5A2B16515E00230184 /* Colfax-BlackItalic.otf in Resources */ = {isa = PBXBuildFile; fileRef = 5290DE4E2B16515E00230184 /* Colfax-BlackItalic.otf */; };
		5290DE5B2B16515E00230184 /* Colfax-RegularItalic.otf in Resources */ = {isa = PBXBuildFile; fileRef = 5290DE4F2B16515E00230184 /* Colfax-RegularItalic.otf */; };
		5290DE5C2B16515E00230184 /* Colfax-MediumItalic.otf in Resources */ = {isa = PBXBuildFile; fileRef = 5290DE502B16515E00230184 /* Colfax-MediumItalic.otf */; };
		5290DE5D2B16515E00230184 /* Colfax-ThinItalic.otf in Resources */ = {isa = PBXBuildFile; fileRef = 5290DE512B16515E00230184 /* Colfax-ThinItalic.otf */; };
		5290DE5E2B16515E00230184 /* Colfax-Light.otf in Resources */ = {isa = PBXBuildFile; fileRef = 5290DE522B16515E00230184 /* Colfax-Light.otf */; };
		5290DE5F2B16515E00230184 /* Colfax-LightItalic.otf in Resources */ = {isa = PBXBuildFile; fileRef = 5290DE532B16515E00230184 /* Colfax-LightItalic.otf */; };
		5290DE602B16515E00230184 /* Colfax-BoldItalic.otf in Resources */ = {isa = PBXBuildFile; fileRef = 5290DE542B16515E00230184 /* Colfax-BoldItalic.otf */; };
		5290DE612B16515E00230184 /* Colfax-Medium.otf in Resources */ = {isa = PBXBuildFile; fileRef = 5290DE552B16515E00230184 /* Colfax-Medium.otf */; };
		5290DE642B1653C000230184 /* CustomButtonView.swift in Sources */ = {isa = PBXBuildFile; fileRef = 5290DE632B1653C000230184 /* CustomButtonView.swift */; };
		5290DE662B16571F00230184 /* AddLinkViewModel.swift in Sources */ = {isa = PBXBuildFile; fileRef = 5290DE652B16571F00230184 /* AddLinkViewModel.swift */; };
/* End PBXBuildFile section */

/* Begin PBXFileReference section */
		5290DE212B1514C100230184 /* SaveLinks.app */ = {isa = PBXFileReference; explicitFileType = wrapper.application; includeInIndex = 0; path = SaveLinks.app; sourceTree = BUILT_PRODUCTS_DIR; };
		5290DE242B1514C100230184 /* SaveLinksApp.swift */ = {isa = PBXFileReference; lastKnownFileType = sourcecode.swift; path = SaveLinksApp.swift; sourceTree = "<group>"; };
		5290DE262B1514C100230184 /* HomeView.swift */ = {isa = PBXFileReference; lastKnownFileType = sourcecode.swift; path = HomeView.swift; sourceTree = "<group>"; };
		5290DE282B1514C400230184 /* Assets.xcassets */ = {isa = PBXFileReference; lastKnownFileType = folder.assetcatalog; path = Assets.xcassets; sourceTree = "<group>"; };
		5290DE2B2B1514C400230184 /* Preview Assets.xcassets */ = {isa = PBXFileReference; lastKnownFileType = folder.assetcatalog; path = "Preview Assets.xcassets"; sourceTree = "<group>"; };
		5290DE362B1515C600230184 /* Link.swift */ = {isa = PBXFileReference; lastKnownFileType = sourcecode.swift; path = Link.swift; sourceTree = "<group>"; };
		5290DE382B15169A00230184 /* LinksViewModel.swift */ = {isa = PBXFileReference; lastKnownFileType = sourcecode.swift; path = LinksViewModel.swift; sourceTree = "<group>"; };
		5290DE3A2B15223900230184 /* AddLinkView.swift */ = {isa = PBXFileReference; lastKnownFileType = sourcecode.swift; path = AddLinkView.swift; sourceTree = "<group>"; };
		5290DE402B162ED600230184 /* PersistenceController.swift */ = {isa = PBXFileReference; lastKnownFileType = sourcecode.swift; path = PersistenceController.swift; sourceTree = "<group>"; };
		5290DE432B163BFE00230184 /* LinkCore.xcdatamodel */ = {isa = PBXFileReference; lastKnownFileType = wrapper.xcdatamodel; path = LinkCore.xcdatamodel; sourceTree = "<group>"; };
		5290DE472B16509D00230184 /* CustomTextField.swift */ = {isa = PBXFileReference; lastKnownFileType = sourcecode.swift; path = CustomTextField.swift; sourceTree = "<group>"; };
		5290DE4A2B16515E00230184 /* Colfax-Black.otf */ = {isa = PBXFileReference; lastKnownFileType = file; path = "Colfax-Black.otf"; sourceTree = "<group>"; };
		5290DE4B2B16515E00230184 /* Colfax-Bold.otf */ = {isa = PBXFileReference; lastKnownFileType = file; path = "Colfax-Bold.otf"; sourceTree = "<group>"; };
		5290DE4C2B16515E00230184 /* Colfax-Regular.otf */ = {isa = PBXFileReference; lastKnownFileType = file; path = "Colfax-Regular.otf"; sourceTree = "<group>"; };
		5290DE4D2B16515E00230184 /* Colfax-Thin.otf */ = {isa = PBXFileReference; lastKnownFileType = file; path = "Colfax-Thin.otf"; sourceTree = "<group>"; };
		5290DE4E2B16515E00230184 /* Colfax-BlackItalic.otf */ = {isa = PBXFileReference; lastKnownFileType = file; path = "Colfax-BlackItalic.otf"; sourceTree = "<group>"; };
		5290DE4F2B16515E00230184 /* Colfax-RegularItalic.otf */ = {isa = PBXFileReference; lastKnownFileType = file; path = "Colfax-RegularItalic.otf"; sourceTree = "<group>"; };
		5290DE502B16515E00230184 /* Colfax-MediumItalic.otf */ = {isa = PBXFileReference; lastKnownFileType = file; path = "Colfax-MediumItalic.otf"; sourceTree = "<group>"; };
		5290DE512B16515E00230184 /* Colfax-ThinItalic.otf */ = {isa = PBXFileReference; lastKnownFileType = file; path = "Colfax-ThinItalic.otf"; sourceTree = "<group>"; };
		5290DE522B16515E00230184 /* Colfax-Light.otf */ = {isa = PBXFileReference; lastKnownFileType = file; path = "Colfax-Light.otf"; sourceTree = "<group>"; };
		5290DE532B16515E00230184 /* Colfax-LightItalic.otf */ = {isa = PBXFileReference; lastKnownFileType = file; path = "Colfax-LightItalic.otf"; sourceTree = "<group>"; };
		5290DE542B16515E00230184 /* Colfax-BoldItalic.otf */ = {isa = PBXFileReference; lastKnownFileType = file; path = "Colfax-BoldItalic.otf"; sourceTree = "<group>"; };
		5290DE552B16515E00230184 /* Colfax-Medium.otf */ = {isa = PBXFileReference; lastKnownFileType = file; path = "Colfax-Medium.otf"; sourceTree = "<group>"; };
		5290DE622B16520B00230184 /* Info.plist */ = {isa = PBXFileReference; lastKnownFileType = text.plist; path = Info.plist; sourceTree = "<group>"; };
		5290DE632B1653C000230184 /* CustomButtonView.swift */ = {isa = PBXFileReference; lastKnownFileType = sourcecode.swift; path = CustomButtonView.swift; sourceTree = "<group>"; };
		5290DE652B16571F00230184 /* AddLinkViewModel.swift */ = {isa = PBXFileReference; lastKnownFileType = sourcecode.swift; path = AddLinkViewModel.swift; sourceTree = "<group>"; };
/* End PBXFileReference section */

/* Begin PBXFrameworksBuildPhase section */
		5290DE1E2B1514C100230184 /* Frameworks */ = {
			isa = PBXFrameworksBuildPhase;
			buildActionMask = 2147483647;
			files = (
			);
			runOnlyForDeploymentPostprocessing = 0;
		};
/* End PBXFrameworksBuildPhase section */

/* Begin PBXGroup section */
		5290DE182B1514C100230184 = {
			isa = PBXGroup;
			children = (
				5290DE232B1514C100230184 /* SaveLinks */,
				5290DE222B1514C100230184 /* Products */,
			);
			sourceTree = "<group>";
		};
		5290DE222B1514C100230184 /* Products */ = {
			isa = PBXGroup;
			children = (
				5290DE212B1514C100230184 /* SaveLinks.app */,
			);
			name = Products;
			sourceTree = "<group>";
		};
		5290DE232B1514C100230184 /* SaveLinks */ = {
			isa = PBXGroup;
			children = (
				5290DE622B16520B00230184 /* Info.plist */,
				5290DE322B1514FD00230184 /* Home */,
				5290DE452B16508100230184 /* AddLink */,
				5290DE242B1514C100230184 /* SaveLinksApp.swift */,
				5290DE282B1514C400230184 /* Assets.xcassets */,
				5290DE492B1650D600230184 /* Fonts */,
				5290DE2A2B1514C400230184 /* Preview Content */,
				5290DE422B163BFE00230184 /* LinkCore.xcdatamodeld */,
			);
			path = SaveLinks;
			sourceTree = "<group>";
		};
		5290DE2A2B1514C400230184 /* Preview Content */ = {
			isa = PBXGroup;
			children = (
				5290DE2B2B1514C400230184 /* Preview Assets.xcassets */,
			);
			path = "Preview Content";
			sourceTree = "<group>";
		};
		5290DE322B1514FD00230184 /* Home */ = {
			isa = PBXGroup;
			children = (
				5290DE3F2B162EC200230184 /* Services */,
				5290DE342B15153C00230184 /* Models */,
				5290DE352B15154700230184 /* ViewModels */,
				5290DE332B15153300230184 /* Views */,
			);
			path = Home;
			sourceTree = "<group>";
		};
		5290DE332B15153300230184 /* Views */ = {
			isa = PBXGroup;
			children = (
				5290DE262B1514C100230184 /* HomeView.swift */,
			);
			path = Views;
			sourceTree = "<group>";
		};
		5290DE342B15153C00230184 /* Models */ = {
			isa = PBXGroup;
			children = (
				5290DE362B1515C600230184 /* Link.swift */,
			);
			path = Models;
			sourceTree = "<group>";
		};
		5290DE352B15154700230184 /* ViewModels */ = {
			isa = PBXGroup;
			children = (
				5290DE382B15169A00230184 /* LinksViewModel.swift */,
			);
			path = ViewModels;
			sourceTree = "<group>";
		};
		5290DE3F2B162EC200230184 /* Services */ = {
			isa = PBXGroup;
			children = (
				5290DE402B162ED600230184 /* PersistenceController.swift */,
			);
			path = Services;
			sourceTree = "<group>";
		};
		5290DE452B16508100230184 /* AddLink */ = {
			isa = PBXGroup;
			children = (
				5290DE462B16508C00230184 /* Views */,
				5290DE672B16572600230184 /* ViewModel */,
			);
			path = AddLink;
			sourceTree = "<group>";
		};
		5290DE462B16508C00230184 /* Views */ = {
			isa = PBXGroup;
			children = (
				5290DE3A2B15223900230184 /* AddLinkView.swift */,
				5290DE472B16509D00230184 /* CustomTextField.swift */,
				5290DE632B1653C000230184 /* CustomButtonView.swift */,
			);
			path = Views;
			sourceTree = "<group>";
		};
		5290DE492B1650D600230184 /* Fonts */ = {
			isa = PBXGroup;
			children = (
				5290DE4A2B16515E00230184 /* Colfax-Black.otf */,
				5290DE4E2B16515E00230184 /* Colfax-BlackItalic.otf */,
				5290DE4B2B16515E00230184 /* Colfax-Bold.otf */,
				5290DE542B16515E00230184 /* Colfax-BoldItalic.otf */,
				5290DE522B16515E00230184 /* Colfax-Light.otf */,
				5290DE532B16515E00230184 /* Colfax-LightItalic.otf */,
				5290DE552B16515E00230184 /* Colfax-Medium.otf */,
				5290DE502B16515E00230184 /* Colfax-MediumItalic.otf */,
				5290DE4C2B16515E00230184 /* Colfax-Regular.otf */,
				5290DE4F2B16515E00230184 /* Colfax-RegularItalic.otf */,
				5290DE4D2B16515E00230184 /* Colfax-Thin.otf */,
				5290DE512B16515E00230184 /* Colfax-ThinItalic.otf */,
			);
			path = Fonts;
			sourceTree = "<group>";
		};
		5290DE672B16572600230184 /* ViewModel */ = {
			isa = PBXGroup;
			children = (
				5290DE652B16571F00230184 /* AddLinkViewModel.swift */,
			);
			path = ViewModel;
			sourceTree = "<group>";
		};
/* End PBXGroup section */

/* Begin PBXNativeTarget section */
		5290DE202B1514C100230184 /* SaveLinks */ = {
			isa = PBXNativeTarget;
			buildConfigurationList = 5290DE2F2B1514C400230184 /* Build configuration list for PBXNativeTarget "SaveLinks" */;
			buildPhases = (
				5290DE1D2B1514C100230184 /* Sources */,
				5290DE1E2B1514C100230184 /* Frameworks */,
				5290DE1F2B1514C100230184 /* Resources */,
			);
			buildRules = (
			);
			dependencies = (
			);
			name = SaveLinks;
			productName = SaveLinks;
			productReference = 5290DE212B1514C100230184 /* SaveLinks.app */;
			productType = "com.apple.product-type.application";
		};
/* End PBXNativeTarget section */

/* Begin PBXProject section */
		5290DE192B1514C100230184 /* Project object */ = {
			isa = PBXProject;
			attributes = {
				BuildIndependentTargetsInParallel = 1;
				LastSwiftUpdateCheck = 1410;
				LastUpgradeCheck = 1410;
				TargetAttributes = {
					5290DE202B1514C100230184 = {
						CreatedOnToolsVersion = 14.1;
					};
				};
			};
			buildConfigurationList = 5290DE1C2B1514C100230184 /* Build configuration list for PBXProject "SaveLinks" */;
			compatibilityVersion = "Xcode 14.0";
			developmentRegion = en;
			hasScannedForEncodings = 0;
			knownRegions = (
				en,
				Base,
			);
			mainGroup = 5290DE182B1514C100230184;
			productRefGroup = 5290DE222B1514C100230184 /* Products */;
			projectDirPath = "";
			projectRoot = "";
			targets = (
				5290DE202B1514C100230184 /* SaveLinks */,
			);
		};
/* End PBXProject section */

/* Begin PBXResourcesBuildPhase section */
		5290DE1F2B1514C100230184 /* Resources */ = {
			isa = PBXResourcesBuildPhase;
			buildActionMask = 2147483647;
			files = (
				5290DE5C2B16515E00230184 /* Colfax-MediumItalic.otf in Resources */,
				5290DE612B16515E00230184 /* Colfax-Medium.otf in Resources */,
				5290DE602B16515E00230184 /* Colfax-BoldItalic.otf in Resources */,
				5290DE5D2B16515E00230184 /* Colfax-ThinItalic.otf in Resources */,
				5290DE582B16515E00230184 /* Colfax-Regular.otf in Resources */,
				5290DE5B2B16515E00230184 /* Colfax-RegularItalic.otf in Resources */,
				5290DE2C2B1514C400230184 /* Preview Assets.xcassets in Resources */,
				5290DE572B16515E00230184 /* Colfax-Bold.otf in Resources */,
				5290DE5E2B16515E00230184 /* Colfax-Light.otf in Resources */,
				5290DE562B16515E00230184 /* Colfax-Black.otf in Resources */,
				5290DE5A2B16515E00230184 /* Colfax-BlackItalic.otf in Resources */,
				5290DE5F2B16515E00230184 /* Colfax-LightItalic.otf in Resources */,
				5290DE292B1514C400230184 /* Assets.xcassets in Resources */,
				5290DE592B16515E00230184 /* Colfax-Thin.otf in Resources */,
			);
			runOnlyForDeploymentPostprocessing = 0;
		};
/* End PBXResourcesBuildPhase section */

/* Begin PBXSourcesBuildPhase section */
		5290DE1D2B1514C100230184 /* Sources */ = {
			isa = PBXSourcesBuildPhase;
			buildActionMask = 2147483647;
			files = (
				5290DE662B16571F00230184 /* AddLinkViewModel.swift in Sources */,
				5290DE392B15169A00230184 /* LinksViewModel.swift in Sources */,
				5290DE412B162ED600230184 /* PersistenceController.swift in Sources */,
				5290DE372B1515C600230184 /* Link.swift in Sources */,
				5290DE642B1653C000230184 /* CustomButtonView.swift in Sources */,
				5290DE272B1514C100230184 /* HomeView.swift in Sources */,
				5290DE482B16509D00230184 /* CustomTextField.swift in Sources */,
				5290DE442B163BFE00230184 /* LinkCore.xcdatamodeld in Sources */,
				5290DE3B2B15223900230184 /* AddLinkView.swift in Sources */,
				5290DE252B1514C100230184 /* SaveLinksApp.swift in Sources */,
			);
			runOnlyForDeploymentPostprocessing = 0;
		};
/* End PBXSourcesBuildPhase section */

/* Begin XCBuildConfiguration section */
		5290DE2D2B1514C400230184 /* Debug */ = {
			isa = XCBuildConfiguration;
			buildSettings = {
				ALWAYS_SEARCH_USER_PATHS = NO;
				CLANG_ANALYZER_NONNULL = YES;
				CLANG_ANALYZER_NUMBER_OBJECT_CONVERSION = YES_AGGRESSIVE;
				CLANG_CXX_LANGUAGE_STANDARD = "gnu++20";
				CLANG_ENABLE_MODULES = YES;
				CLANG_ENABLE_OBJC_ARC = YES;
				CLANG_ENABLE_OBJC_WEAK = YES;
				CLANG_WARN_BLOCK_CAPTURE_AUTORELEASING = YES;
				CLANG_WARN_BOOL_CONVERSION = YES;
				CLANG_WARN_COMMA = YES;
				CLANG_WARN_CONSTANT_CONVERSION = YES;
				CLANG_WARN_DEPRECATED_OBJC_IMPLEMENTATIONS = YES;
				CLANG_WARN_DIRECT_OBJC_ISA_USAGE = YES_ERROR;
				CLANG_WARN_DOCUMENTATION_COMMENTS = YES;
				CLANG_WARN_EMPTY_BODY = YES;
				CLANG_WARN_ENUM_CONVERSION = YES;
				CLANG_WARN_INFINITE_RECURSION = YES;
				CLANG_WARN_INT_CONVERSION = YES;
				CLANG_WARN_NON_LITERAL_NULL_CONVERSION = YES;
				CLANG_WARN_OBJC_IMPLICIT_RETAIN_SELF = YES;
				CLANG_WARN_OBJC_LITERAL_CONVERSION = YES;
				CLANG_WARN_OBJC_ROOT_CLASS = YES_ERROR;
				CLANG_WARN_QUOTED_INCLUDE_IN_FRAMEWORK_HEADER = YES;
				CLANG_WARN_RANGE_LOOP_ANALYSIS = YES;
				CLANG_WARN_STRICT_PROTOTYPES = YES;
				CLANG_WARN_SUSPICIOUS_MOVE = YES;
				CLANG_WARN_UNGUARDED_AVAILABILITY = YES_AGGRESSIVE;
				CLANG_WARN_UNREACHABLE_CODE = YES;
				CLANG_WARN__DUPLICATE_METHOD_MATCH = YES;
				COPY_PHASE_STRIP = NO;
				DEBUG_INFORMATION_FORMAT = dwarf;
				ENABLE_STRICT_OBJC_MSGSEND = YES;
				ENABLE_TESTABILITY = YES;
				GCC_C_LANGUAGE_STANDARD = gnu11;
				GCC_DYNAMIC_NO_PIC = NO;
				GCC_NO_COMMON_BLOCKS = YES;
				GCC_OPTIMIZATION_LEVEL = 0;
				GCC_PREPROCESSOR_DEFINITIONS = (
					"DEBUG=1",
					"$(inherited)",
				);
				GCC_WARN_64_TO_32_BIT_CONVERSION = YES;
				GCC_WARN_ABOUT_RETURN_TYPE = YES_ERROR;
				GCC_WARN_UNDECLARED_SELECTOR = YES;
				GCC_WARN_UNINITIALIZED_AUTOS = YES_AGGRESSIVE;
				GCC_WARN_UNUSED_FUNCTION = YES;
				GCC_WARN_UNUSED_VARIABLE = YES;
				IPHONEOS_DEPLOYMENT_TARGET = 16.1;
				MTL_ENABLE_DEBUG_INFO = INCLUDE_SOURCE;
				MTL_FAST_MATH = YES;
				ONLY_ACTIVE_ARCH = YES;
				SDKROOT = iphoneos;
				SWIFT_ACTIVE_COMPILATION_CONDITIONS = DEBUG;
				SWIFT_OPTIMIZATION_LEVEL = "-Onone";
			};
			name = Debug;
		};
		5290DE2E2B1514C400230184 /* Release */ = {
			isa = XCBuildConfiguration;
			buildSettings = {
				ALWAYS_SEARCH_USER_PATHS = NO;
				CLANG_ANALYZER_NONNULL = YES;
				CLANG_ANALYZER_NUMBER_OBJECT_CONVERSION = YES_AGGRESSIVE;
				CLANG_CXX_LANGUAGE_STANDARD = "gnu++20";
				CLANG_ENABLE_MODULES = YES;
				CLANG_ENABLE_OBJC_ARC = YES;
				CLANG_ENABLE_OBJC_WEAK = YES;
				CLANG_WARN_BLOCK_CAPTURE_AUTORELEASING = YES;
				CLANG_WARN_BOOL_CONVERSION = YES;
				CLANG_WARN_COMMA = YES;
				CLANG_WARN_CONSTANT_CONVERSION = YES;
				CLANG_WARN_DEPRECATED_OBJC_IMPLEMENTATIONS = YES;
				CLANG_WARN_DIRECT_OBJC_ISA_USAGE = YES_ERROR;
				CLANG_WARN_DOCUMENTATION_COMMENTS = YES;
				CLANG_WARN_EMPTY_BODY = YES;
				CLANG_WARN_ENUM_CONVERSION = YES;
				CLANG_WARN_INFINITE_RECURSION = YES;
				CLANG_WARN_INT_CONVERSION = YES;
				CLANG_WARN_NON_LITERAL_NULL_CONVERSION = YES;
				CLANG_WARN_OBJC_IMPLICIT_RETAIN_SELF = YES;
				CLANG_WARN_OBJC_LITERAL_CONVERSION = YES;
				CLANG_WARN_OBJC_ROOT_CLASS = YES_ERROR;
				CLANG_WARN_QUOTED_INCLUDE_IN_FRAMEWORK_HEADER = YES;
				CLANG_WARN_RANGE_LOOP_ANALYSIS = YES;
				CLANG_WARN_STRICT_PROTOTYPES = YES;
				CLANG_WARN_SUSPICIOUS_MOVE = YES;
				CLANG_WARN_UNGUARDED_AVAILABILITY = YES_AGGRESSIVE;
				CLANG_WARN_UNREACHABLE_CODE = YES;
				CLANG_WARN__DUPLICATE_METHOD_MATCH = YES;
				COPY_PHASE_STRIP = NO;
				DEBUG_INFORMATION_FORMAT = "dwarf-with-dsym";
				ENABLE_NS_ASSERTIONS = NO;
				ENABLE_STRICT_OBJC_MSGSEND = YES;
				GCC_C_LANGUAGE_STANDARD = gnu11;
				GCC_NO_COMMON_BLOCKS = YES;
				GCC_WARN_64_TO_32_BIT_CONVERSION = YES;
				GCC_WARN_ABOUT_RETURN_TYPE = YES_ERROR;
				GCC_WARN_UNDECLARED_SELECTOR = YES;
				GCC_WARN_UNINITIALIZED_AUTOS = YES_AGGRESSIVE;
				GCC_WARN_UNUSED_FUNCTION = YES;
				GCC_WARN_UNUSED_VARIABLE = YES;
				IPHONEOS_DEPLOYMENT_TARGET = 16.1;
				MTL_ENABLE_DEBUG_INFO = NO;
				MTL_FAST_MATH = YES;
				SDKROOT = iphoneos;
				SWIFT_COMPILATION_MODE = wholemodule;
				SWIFT_OPTIMIZATION_LEVEL = "-O";
				VALIDATE_PRODUCT = YES;
			};
			name = Release;
		};
		5290DE302B1514C400230184 /* Debug */ = {
			isa = XCBuildConfiguration;
			buildSettings = {
				ASSETCATALOG_COMPILER_APPICON_NAME = AppIcon;
				ASSETCATALOG_COMPILER_GLOBAL_ACCENT_COLOR_NAME = AccentColor;
				CODE_SIGN_STYLE = Automatic;
				CURRENT_PROJECT_VERSION = 1;
				DEVELOPMENT_ASSET_PATHS = "\"SaveLinks/Preview Content\"";
				DEVELOPMENT_TEAM = 73U7Z45XKZ;
				ENABLE_PREVIEWS = YES;
				GENERATE_INFOPLIST_FILE = YES;
				INFOPLIST_FILE = SaveLinks/Info.plist;
				INFOPLIST_KEY_UIApplicationSceneManifest_Generation = YES;
				INFOPLIST_KEY_UIApplicationSupportsIndirectInputEvents = YES;
				INFOPLIST_KEY_UILaunchScreen_Generation = YES;
				INFOPLIST_KEY_UISupportedInterfaceOrientations_iPad = "UIInterfaceOrientationPortrait UIInterfaceOrientationPortraitUpsideDown UIInterfaceOrientationLandscapeLeft UIInterfaceOrientationLandscapeRight";
				INFOPLIST_KEY_UISupportedInterfaceOrientations_iPhone = "UIInterfaceOrientationPortrait UIInterfaceOrientationLandscapeLeft UIInterfaceOrientationLandscapeRight";
				LD_RUNPATH_SEARCH_PATHS = (
					"$(inherited)",
					"@executable_path/Frameworks",
				);
				MARKETING_VERSION = 1.0;
				PRODUCT_BUNDLE_IDENTIFIER = com.MyLinks.SaveLinks;
				PRODUCT_NAME = "$(TARGET_NAME)";
				SWIFT_EMIT_LOC_STRINGS = YES;
				SWIFT_VERSION = 5.0;
				TARGETED_DEVICE_FAMILY = "1,2";
			};
			name = Debug;
		};
		5290DE312B1514C400230184 /* Release */ = {
			isa = XCBuildConfiguration;
			buildSettings = {
				ASSETCATALOG_COMPILER_APPICON_NAME = AppIcon;
				ASSETCATALOG_COMPILER_GLOBAL_ACCENT_COLOR_NAME = AccentColor;
				CODE_SIGN_STYLE = Automatic;
				CURRENT_PROJECT_VERSION = 1;
				DEVELOPMENT_ASSET_PATHS = "\"SaveLinks/Preview Content\"";
				DEVELOPMENT_TEAM = 73U7Z45XKZ;
				ENABLE_PREVIEWS = YES;
				GENERATE_INFOPLIST_FILE = YES;
				INFOPLIST_FILE = SaveLinks/Info.plist;
				INFOPLIST_KEY_UIApplicationSceneManifest_Generation = YES;
				INFOPLIST_KEY_UIApplicationSupportsIndirectInputEvents = YES;
				INFOPLIST_KEY_UILaunchScreen_Generation = YES;
				INFOPLIST_KEY_UISupportedInterfaceOrientations_iPad = "UIInterfaceOrientationPortrait UIInterfaceOrientationPortraitUpsideDown UIInterfaceOrientationLandscapeLeft UIInterfaceOrientationLandscapeRight";
				INFOPLIST_KEY_UISupportedInterfaceOrientations_iPhone = "UIInterfaceOrientationPortrait UIInterfaceOrientationLandscapeLeft UIInterfaceOrientationLandscapeRight";
				LD_RUNPATH_SEARCH_PATHS = (
					"$(inherited)",
					"@executable_path/Frameworks",
				);
				MARKETING_VERSION = 1.0;
				PRODUCT_BUNDLE_IDENTIFIER = com.MyLinks.SaveLinks;
				PRODUCT_NAME = "$(TARGET_NAME)";
				SWIFT_EMIT_LOC_STRINGS = YES;
				SWIFT_VERSION = 5.0;
				TARGETED_DEVICE_FAMILY = "1,2";
			};
			name = Release;
		};
/* End XCBuildConfiguration section */

/* Begin XCConfigurationList section */
		5290DE1C2B1514C100230184 /* Build configuration list for PBXProject "SaveLinks" */ = {
			isa = XCConfigurationList;
			buildConfigurations = (
				5290DE2D2B1514C400230184 /* Debug */,
				5290DE2E2B1514C400230184 /* Release */,
			);
			defaultConfigurationIsVisible = 0;
			defaultConfigurationName = Release;
		};
		5290DE2F2B1514C400230184 /* Build configuration list for PBXNativeTarget "SaveLinks" */ = {
			isa = XCConfigurationList;
			buildConfigurations = (
				5290DE302B1514C400230184 /* Debug */,
				5290DE312B1514C400230184 /* Release */,
			);
			defaultConfigurationIsVisible = 0;
			defaultConfigurationName = Release;
		};
/* End XCConfigurationList section */

/* Begin XCVersionGroup section */
		5290DE422B163BFE00230184 /* LinkCore.xcdatamodeld */ = {
			isa = XCVersionGroup;
			children = (
				5290DE432B163BFE00230184 /* LinkCore.xcdatamodel */,
			);
			currentVersion = 5290DE432B163BFE00230184 /* LinkCore.xcdatamodel */;
			path = LinkCore.xcdatamodeld;
			sourceTree = "<group>";
			versionGroupType = wrapper.xcdatamodel;
		};
/* End XCVersionGroup section */
	};
	rootObject = 5290DE192B1514C100230184 /* Project object */;
}
